
Microsoft Visual Studio Solution File, Format Version 12.00
Project("{FAE04EC0-301F-11D3-BF4B-00C04F79EFBC}") = "MindBoxTask", "MindBoxTask\MindBoxTask.csproj", "{0FD455D8-2CD0-428B-8DB0-48EFA02AAF66}"
EndProject
Project("{FAE04EC0-301F-11D3-BF4B-00C04F79EFBC}") = "MindBoxTests", "MindBoxTests\MindBoxTests.csproj", "{F4A15153-54D2-4DEE-95AE-3B66D5C6EFD6}"
EndProject
Project("{FAE04EC0-301F-11D3-BF4B-00C04F79EFBC}") = "DataBaseTask", "DataBaseTask\DataBaseTask.csproj", "{7BDB574F-06E2-4893-B525-F21EF3154B28}"
EndProject
Global
	GlobalSection(SolutionConfigurationPlatforms) = preSolution
		Debug|Any CPU = Debug|Any CPU
		Release|Any CPU = Release|Any CPU
	EndGlobalSection
	GlobalSection(ProjectConfigurationPlatforms) = postSolution
		{0FD455D8-2CD0-428B-8DB0-48EFA02AAF66}.Debug|Any CPU.ActiveCfg = Debug|Any CPU
		{0FD455D8-2CD0-428B-8DB0-48EFA02AAF66}.Debug|Any CPU.Build.0 = Debug|Any CPU
		{0FD455D8-2CD0-428B-8DB0-48EFA02AAF66}.Release|Any CPU.ActiveCfg = Release|Any CPU
		{0FD455D8-2CD0-428B-8DB0-48EFA02AAF66}.Release|Any CPU.Build.0 = Release|Any CPU
		{F4A15153-54D2-4DEE-95AE-3B66D5C6EFD6}.Debug|Any CPU.ActiveCfg = Debug|Any CPU
		{F4A15153-54D2-4DEE-95AE-3B66D5C6EFD6}.Debug|Any CPU.Build.0 = Debug|Any CPU
		{F4A15153-54D2-4DEE-95AE-3B66D5C6EFD6}.Release|Any CPU.ActiveCfg = Release|Any CPU
		{F4A15153-54D2-4DEE-95AE-3B66D5C6EFD6}.Release|Any CPU.Build.0 = Release|Any CPU
		{7BDB574F-06E2-4893-B525-F21EF3154B28}.Debug|Any CPU.ActiveCfg = Debug|Any CPU
		{7BDB574F-06E2-4893-B525-F21EF3154B28}.Debug|Any CPU.Build.0 = Debug|Any CPU
		{7BDB574F-06E2-4893-B525-F21EF3154B28}.Release|Any CPU.ActiveCfg = Release|Any CPU
		{7BDB574F-06E2-4893-B525-F21EF3154B28}.Release|Any CPU.Build.0 = Release|Any CPU
	EndGlobalSection
EndGlobal
